// !$*UTF8*$!
{
	archiveVersion = 1;
	classes = {
	};
	objectVersion = 50;
	objects = {

/* Begin PBXBuildFile section */
		FD18DCD5250BDECC0043E194 /* AppDelegate.swift in Sources */ = {isa = PBXBuildFile; fileRef = FD18DCD4250BDECC0043E194 /* AppDelegate.swift */; };
		FD18DCD7250BDECC0043E194 /* SceneDelegate.swift in Sources */ = {isa = PBXBuildFile; fileRef = FD18DCD6250BDECC0043E194 /* SceneDelegate.swift */; };
		FD18DCDC250BDECC0043E194 /* Main.storyboard in Resources */ = {isa = PBXBuildFile; fileRef = FD18DCDA250BDECC0043E194 /* Main.storyboard */; };
		FD18DCDE250BDECE0043E194 /* Assets.xcassets in Resources */ = {isa = PBXBuildFile; fileRef = FD18DCDD250BDECE0043E194 /* Assets.xcassets */; };
		FD18DCE1250BDECE0043E194 /* LaunchScreen.storyboard in Resources */ = {isa = PBXBuildFile; fileRef = FD18DCDF250BDECE0043E194 /* LaunchScreen.storyboard */; };
		FD18DCE9250BE5330043E194 /* AddViewController.swift in Sources */ = {isa = PBXBuildFile; fileRef = FD18DCE8250BE5330043E194 /* AddViewController.swift */; };
		FD18DCEB250BE5A70043E194 /* FlashcardViewController.swift in Sources */ = {isa = PBXBuildFile; fileRef = FD18DCEA250BE5A70043E194 /* FlashcardViewController.swift */; };
		FDCDE8142512661D005197A3 /* FlashcardStore.swift in Sources */ = {isa = PBXBuildFile; fileRef = FDCDE8132512661D005197A3 /* FlashcardStore.swift */; };
/* End PBXBuildFile section */

/* Begin PBXFileReference section */
		FD18DCD1250BDECC0043E194 /* flashcards.app */ = {isa = PBXFileReference; explicitFileType = wrapper.application; includeInIndex = 0; path = flashcards.app; sourceTree = BUILT_PRODUCTS_DIR; };
		FD18DCD4250BDECC0043E194 /* AppDelegate.swift */ = {isa = PBXFileReference; lastKnownFileType = sourcecode.swift; path = AppDelegate.swift; sourceTree = "<group>"; };
		FD18DCD6250BDECC0043E194 /* SceneDelegate.swift */ = {isa = PBXFileReference; lastKnownFileType = sourcecode.swift; path = SceneDelegate.swift; sourceTree = "<group>"; };
		FD18DCDB250BDECC0043E194 /* Base */ = {isa = PBXFileReference; lastKnownFileType = file.storyboard; name = Base; path = Base.lproj/Main.storyboard; sourceTree = "<group>"; };
		FD18DCDD250BDECE0043E194 /* Assets.xcassets */ = {isa = PBXFileReference; lastKnownFileType = folder.assetcatalog; path = Assets.xcassets; sourceTree = "<group>"; };
		FD18DCE0250BDECE0043E194 /* Base */ = {isa = PBXFileReference; lastKnownFileType = file.storyboard; name = Base; path = Base.lproj/LaunchScreen.storyboard; sourceTree = "<group>"; };
		FD18DCE2250BDECE0043E194 /* Info.plist */ = {isa = PBXFileReference; lastKnownFileType = text.plist.xml; path = Info.plist; sourceTree = "<group>"; };
		FD18DCE8250BE5330043E194 /* AddViewController.swift */ = {isa = PBXFileReference; lastKnownFileType = sourcecode.swift; path = AddViewController.swift; sourceTree = "<group>"; };
		FD18DCEA250BE5A70043E194 /* FlashcardViewController.swift */ = {isa = PBXFileReference; fileEncoding = 4; lastKnownFileType = sourcecode.swift; path = FlashcardViewController.swift; sourceTree = "<group>"; };
		FDCDE8132512661D005197A3 /* FlashcardStore.swift */ = {isa = PBXFileReference; lastKnownFileType = sourcecode.swift; path = FlashcardStore.swift; sourceTree = "<group>"; };
/* End PBXFileReference section */

/* Begin PBXFrameworksBuildPhase section */
		FD18DCCE250BDECC0043E194 /* Frameworks */ = {
			isa = PBXFrameworksBuildPhase;
			buildActionMask = 2147483647;
			files = (
			);
			runOnlyForDeploymentPostprocessing = 0;
		};
/* End PBXFrameworksBuildPhase section */

/* Begin PBXGroup section */
		FD18DCC8250BDECC0043E194 = {
			isa = PBXGroup;
			children = (
				FD18DCD3250BDECC0043E194 /* flashcards */,
				FD18DCD2250BDECC0043E194 /* Products */,
			);
			sourceTree = "<group>";
		};
		FD18DCD2250BDECC0043E194 /* Products */ = {
			isa = PBXGroup;
			children = (
				FD18DCD1250BDECC0043E194 /* flashcards.app */,
			);
			name = Products;
			sourceTree = "<group>";
		};
		FD18DCD3250BDECC0043E194 /* flashcards */ = {
			isa = PBXGroup;
			children = (
				FD18DCD4250BDECC0043E194 /* AppDelegate.swift */,
				FD18DCD6250BDECC0043E194 /* SceneDelegate.swift */,
				FD18DCEA250BE5A70043E194 /* FlashcardViewController.swift */,
				FD18DCE8250BE5330043E194 /* AddViewController.swift */,
				FD18DCDA250BDECC0043E194 /* Main.storyboard */,
				FD18DCDD250BDECE0043E194 /* Assets.xcassets */,
				FDCDE8132512661D005197A3 /* FlashcardStore.swift */,
				FD18DCDF250BDECE0043E194 /* LaunchScreen.storyboard */,
				FD18DCE2250BDECE0043E194 /* Info.plist */,
			);
			path = flashcards;
			sourceTree = "<group>";
		};
/* End PBXGroup section */

/* Begin PBXNativeTarget section */
		FD18DCD0250BDECC0043E194 /* flashcards */ = {
			isa = PBXNativeTarget;
			buildConfigurationList = FD18DCE5250BDECE0043E194 /* Build configuration list for PBXNativeTarget "flashcards" */;
			buildPhases = (
				FD18DCCD250BDECC0043E194 /* Sources */,
				FD18DCCE250BDECC0043E194 /* Frameworks */,
				FD18DCCF250BDECC0043E194 /* Resources */,
			);
			buildRules = (
			);
			dependencies = (
			);
			name = flashcards;
			productName = flashcards;
			productReference = FD18DCD1250BDECC0043E194 /* flashcards.app */;
			productType = "com.apple.product-type.application";
		};
/* End PBXNativeTarget section */

/* Begin PBXProject section */
		FD18DCC9250BDECC0043E194 /* Project object */ = {
			isa = PBXProject;
			attributes = {
				LastSwiftUpdateCheck = 1130;
				LastUpgradeCheck = 1130;
				ORGANIZATIONNAME = "Cade Gardner";
				TargetAttributes = {
					FD18DCD0250BDECC0043E194 = {
						CreatedOnToolsVersion = 11.3;
					};
				};
			};
			buildConfigurationList = FD18DCCC250BDECC0043E194 /* Build configuration list for PBXProject "flashcards" */;
			compatibilityVersion = "Xcode 9.3";
			developmentRegion = en;
			hasScannedForEncodings = 0;
			knownRegions = (
				en,
				Base,
			);
			mainGroup = FD18DCC8250BDECC0043E194;
			productRefGroup = FD18DCD2250BDECC0043E194 /* Products */;
			projectDirPath = "";
			projectRoot = "";
			targets = (
				FD18DCD0250BDECC0043E194 /* flashcards */,
			);
		};
/* End PBXProject section */

/* Begin PBXResourcesBuildPhase section */
		FD18DCCF250BDECC0043E194 /* Resources */ = {
			isa = PBXResourcesBuildPhase;
			buildActionMask = 2147483647;
			files = (
				FD18DCE1250BDECE0043E194 /* LaunchScreen.storyboard in Resources */,
				FD18DCDE250BDECE0043E194 /* Assets.xcassets in Resources */,
				FD18DCDC250BDECC0043E194 /* Main.storyboard in Resources */,
			);
			runOnlyForDeploymentPostprocessing = 0;
		};
/* End PBXResourcesBuildPhase section */

/* Begin PBXSourcesBuildPhase section */
		FD18DCCD250BDECC0043E194 /* Sources */ = {
			isa = PBXSourcesBuildPhase;
			buildActionMask = 2147483647;
			files = (
				FDCDE8142512661D005197A3 /* FlashcardStore.swift in Sources */,
				FD18DCD5250BDECC0043E194 /* AppDelegate.swift in Sources */,
				FD18DCEB250BE5A70043E194 /* FlashcardViewController.swift in Sources */,
				FD18DCE9250BE5330043E194 /* AddViewController.swift in Sources */,
				FD18DCD7250BDECC0043E194 /* SceneDelegate.swift in Sources */,
			);
			runOnlyForDeploymentPostprocessing = 0;
		};
/* End PBXSourcesBuildPhase section */

/* Begin PBXVariantGroup section */
		FD18DCDA250BDECC0043E194 /* Main.storyboard */ = {
			isa = PBXVariantGroup;
			children = (
				FD18DCDB250BDECC0043E194 /* Base */,
			);
			name = Main.storyboard;
			sourceTree = "<group>";
		};
		FD18DCDF250BDECE0043E194 /* LaunchScreen.storyboard */ = {
			isa = PBXVariantGroup;
			children = (
				FD18DCE0250BDECE0043E194 /* Base */,
			);
			name = LaunchScreen.storyboard;
			sourceTree = "<group>";
		};
/* End PBXVariantGroup section */

/* Begin XCBuildConfiguration section */
		FD18DCE3250BDECE0043E194 /* Debug */ = {
			isa = XCBuildConfiguration;
			buildSettings = {
				ALWAYS_SEARCH_USER_PATHS = NO;
				CLANG_ANALYZER_NONNULL = YES;
				CLANG_ANALYZER_NUMBER_OBJECT_CONVERSION = YES_AGGRESSIVE;
				CLANG_CXX_LANGUAGE_STANDARD = "gnu++14";
				CLANG_CXX_LIBRARY = "libc++";
				CLANG_ENABLE_MODULES = YES;
				CLANG_ENABLE_OBJC_ARC = YES;
				CLANG_ENABLE_OBJC_WEAK = YES;
				CLANG_WARN_BLOCK_CAPTURE_AUTORELEASING = YES;
				CLANG_WARN_BOOL_CONVERSION = YES;
				CLANG_WARN_COMMA = YES;
				CLANG_WARN_CONSTANT_CONVERSION = YES;
				CLANG_WARN_DEPRECATED_OBJC_IMPLEMENTATIONS = YES;
				CLANG_WARN_DIRECT_OBJC_ISA_USAGE = YES_ERROR;
				CLANG_WARN_DOCUMENTATION_COMMENTS = YES;
				CLANG_WARN_EMPTY_BODY = YES;
				CLANG_WARN_ENUM_CONVERSION = YES;
				CLANG_WARN_INFINITE_RECURSION = YES;
				CLANG_WARN_INT_CONVERSION = YES;
				CLANG_WARN_NON_LITERAL_NULL_CONVERSION = YES;
				CLANG_WARN_OBJC_IMPLICIT_RETAIN_SELF = YES;
				CLANG_WARN_OBJC_LITERAL_CONVERSION = YES;
				CLANG_WARN_OBJC_ROOT_CLASS = YES_ERROR;
				CLANG_WARN_RANGE_LOOP_ANALYSIS = YES;
				CLANG_WARN_STRICT_PROTOTYPES = YES;
				CLANG_WARN_SUSPICIOUS_MOVE = YES;
				CLANG_WARN_UNGUARDED_AVAILABILITY = YES_AGGRESSIVE;
				CLANG_WARN_UNREACHABLE_CODE = YES;
				CLANG_WARN__DUPLICATE_METHOD_MATCH = YES;
				COPY_PHASE_STRIP = NO;
				DEBUG_INFORMATION_FORMAT = dwarf;
				ENABLE_STRICT_OBJC_MSGSEND = YES;
				ENABLE_TESTABILITY = YES;
				GCC_C_LANGUAGE_STANDARD = gnu11;
				GCC_DYNAMIC_NO_PIC = NO;
				GCC_NO_COMMON_BLOCKS = YES;
				GCC_OPTIMIZATION_LEVEL = 0;
				GCC_PREPROCESSOR_DEFINITIONS = (
					"DEBUG=1",
					"$(inherited)",
				);
				GCC_WARN_64_TO_32_BIT_CONVERSION = YES;
				GCC_WARN_ABOUT_RETURN_TYPE = YES_ERROR;
				GCC_WARN_UNDECLARED_SELECTOR = YES;
				GCC_WARN_UNINITIALIZED_AUTOS = YES_AGGRESSIVE;
				GCC_WARN_UNUSED_FUNCTION = YES;
				GCC_WARN_UNUSED_VARIABLE = YES;
				IPHONEOS_DEPLOYMENT_TARGET = 13.2;
				MTL_ENABLE_DEBUG_INFO = INCLUDE_SOURCE;
				MTL_FAST_MATH = YES;
				ONLY_ACTIVE_ARCH = YES;
				SDKROOT = iphoneos;
				SWIFT_ACTIVE_COMPILATION_CONDITIONS = DEBUG;
				SWIFT_OPTIMIZATION_LEVEL = "-Onone";
			};
			name = Debug;
		};
		FD18DCE4250BDECE0043E194 /* Release */ = {
			isa = XCBuildConfiguration;
			buildSettings = {
				ALWAYS_SEARCH_USER_PATHS = NO;
				CLANG_ANALYZER_NONNULL = YES;
				CLANG_ANALYZER_NUMBER_OBJECT_CONVERSION = YES_AGGRESSIVE;
				CLANG_CXX_LANGUAGE_STANDARD = "gnu++14";
				CLANG_CXX_LIBRARY = "libc++";
				CLANG_ENABLE_MODULES = YES;
				CLANG_ENABLE_OBJC_ARC = YES;
				CLANG_ENABLE_OBJC_WEAK = YES;
				CLANG_WARN_BLOCK_CAPTURE_AUTORELEASING = YES;
				CLANG_WARN_BOOL_CONVERSION = YES;
				CLANG_WARN_COMMA = YES;
				CLANG_WARN_CONSTANT_CONVERSION = YES;
				CLANG_WARN_DEPRECATED_OBJC_IMPLEMENTATIONS = YES;
				CLANG_WARN_DIRECT_OBJC_ISA_USAGE = YES_ERROR;
				CLANG_WARN_DOCUMENTATION_COMMENTS = YES;
				CLANG_WARN_EMPTY_BODY = YES;
				CLANG_WARN_ENUM_CONVERSION = YES;
				CLANG_WARN_INFINITE_RECURSION = YES;
				CLANG_WARN_INT_CONVERSION = YES;
				CLANG_WARN_NON_LITERAL_NULL_CONVERSION = YES;
				CLANG_WARN_OBJC_IMPLICIT_RETAIN_SELF = YES;
				CLANG_WARN_OBJC_LITERAL_CONVERSION = YES;
				CLANG_WARN_OBJC_ROOT_CLASS = YES_ERROR;
				CLANG_WARN_RANGE_LOOP_ANALYSIS = YES;
				CLANG_WARN_STRICT_PROTOTYPES = YES;
				CLANG_WARN_SUSPICIOUS_MOVE = YES;
				CLANG_WARN_UNGUARDED_AVAILABILITY = YES_AGGRESSIVE;
				CLANG_WARN_UNREACHABLE_CODE = YES;
				CLANG_WARN__DUPLICATE_METHOD_MATCH = YES;
				COPY_PHASE_STRIP = NO;
				DEBUG_INFORMATION_FORMAT = "dwarf-with-dsym";
				ENABLE_NS_ASSERTIONS = NO;
				ENABLE_STRICT_OBJC_MSGSEND = YES;
				GCC_C_LANGUAGE_STANDARD = gnu11;
				GCC_NO_COMMON_BLOCKS = YES;
				GCC_WARN_64_TO_32_BIT_CONVERSION = YES;
				GCC_WARN_ABOUT_RETURN_TYPE = YES_ERROR;
				GCC_WARN_UNDECLARED_SELECTOR = YES;
				GCC_WARN_UNINITIALIZED_AUTOS = YES_AGGRESSIVE;
				GCC_WARN_UNUSED_FUNCTION = YES;
				GCC_WARN_UNUSED_VARIABLE = YES;
				IPHONEOS_DEPLOYMENT_TARGET = 13.2;
				MTL_ENABLE_DEBUG_INFO = NO;
				MTL_FAST_MATH = YES;
				SDKROOT = iphoneos;
				SWIFT_COMPILATION_MODE = wholemodule;
				SWIFT_OPTIMIZATION_LEVEL = "-O";
				VALIDATE_PRODUCT = YES;
			};
			name = Release;
		};
		FD18DCE6250BDECE0043E194 /* Debug */ = {
			isa = XCBuildConfiguration;
			buildSettings = {
				ASSETCATALOG_COMPILER_APPICON_NAME = AppIcon;
				CODE_SIGN_STYLE = Automatic;
				DEVELOPMENT_TEAM = R7NCRC3AQW;
				INFOPLIST_FILE = flashcards/Info.plist;
				LD_RUNPATH_SEARCH_PATHS = (
					"$(inherited)",
					"@executable_path/Frameworks",
				);
				PRODUCT_BUNDLE_IDENTIFIER = com.app.flashcards;
				PRODUCT_NAME = "$(TARGET_NAME)";
				SWIFT_VERSION = 5.0;
				TARGETED_DEVICE_FAMILY = "1,2";
			};
			name = Debug;
		};
		FD18DCE7250BDECE0043E194 /* Release */ = {
			isa = XCBuildConfiguration;
			buildSettings = {
				ASSETCATALOG_COMPILER_APPICON_NAME = AppIcon;
				CODE_SIGN_STYLE = Automatic;
				DEVELOPMENT_TEAM = R7NCRC3AQW;
				INFOPLIST_FILE = flashcards/Info.plist;
				LD_RUNPATH_SEARCH_PATHS = (
					"$(inherited)",
					"@executable_path/Frameworks",
				);
				PRODUCT_BUNDLE_IDENTIFIER = com.app.flashcards;
				PRODUCT_NAME = "$(TARGET_NAME)";
				SWIFT_VERSION = 5.0;
				TARGETED_DEVICE_FAMILY = "1,2";
			};
			name = Release;
		};
/* End XCBuildConfiguration section */

/* Begin XCConfigurationList section */
		FD18DCCC250BDECC0043E194 /* Build configuration list for PBXProject "flashcards" */ = {
			isa = XCConfigurationList;
			buildConfigurations = (
				FD18DCE3250BDECE0043E194 /* Debug */,
				FD18DCE4250BDECE0043E194 /* Release */,
			);
			defaultConfigurationIsVisible = 0;
			defaultConfigurationName = Release;
		};
		FD18DCE5250BDECE0043E194 /* Build configuration list for PBXNativeTarget "flashcards" */ = {
			isa = XCConfigurationList;
			buildConfigurations = (
				FD18DCE6250BDECE0043E194 /* Debug */,
				FD18DCE7250BDECE0043E194 /* Release */,
			);
			defaultConfigurationIsVisible = 0;
			defaultConfigurationName = Release;
		};
/* End XCConfigurationList section */
	};
	rootObject = FD18DCC9250BDECC0043E194 /* Project object */;
}
